
Microsoft Visual Studio Solution File, Format Version 12.00
# Visual Studio Version 17
VisualStudioVersion = 17.6.33723.286
MinimumVisualStudioVersion = 10.0.40219.1
Project("{FAE04EC0-301F-11D3-BF4B-00C04F79EFBC}") = "WordleQuest", "WordleQuest.csproj", "{AA50B442-6D28-4F29-AE2A-AF836CF29053}"
EndProject
Global
	GlobalSection(SolutionConfigurationPlatforms) = preSolution
		Debug|Any CPU = Debug|Any CPU
		Release|Any CPU = Release|Any CPU
	EndGlobalSection
	GlobalSection(ProjectConfigurationPlatforms) = postSolution
		{AA50B442-6D28-4F29-AE2A-AF836CF29053}.Debug|Any CPU.ActiveCfg = Debug|Any CPU
		{AA50B442-6D28-4F29-AE2A-AF836CF29053}.Debug|Any CPU.Build.0 = Debug|Any CPU
		{AA50B442-6D28-4F29-AE2A-AF836CF29053}.Release|Any CPU.ActiveCfg = Release|Any CPU
		{AA50B442-6D28-4F29-AE2A-AF836CF29053}.Release|Any CPU.Build.0 = Release|Any CPU
	EndGlobalSection
	GlobalSection(SolutionProperties) = preSolution
		HideSolutionNode = FALSE
	EndGlobalSection
	GlobalSection(ExtensibilityGlobals) = postSolution
		SolutionGuid = {DAF756C2-8545-4617-AFB4-EF62208F7359}
	EndGlobalSection
EndGlobal
